
Microsoft Visual Studio Solution File, Format Version 12.00
# Visual Studio Version 17
VisualStudioVersion = 17.6.33712.159
MinimumVisualStudioVersion = 10.0.40219.1
Project("{FAE04EC0-301F-11D3-BF4B-00C04F79EFBC}") = "KunavinAV_01_06", "KunavinAV_01_06\KunavinAV_01_06.csproj", "{1E9C310F-241A-4CD7-A76A-9681C43D7AAE}"
EndProject
Project("{FAE04EC0-301F-11D3-BF4B-00C04F79EFBC}") = "Tests_KunavinAV_01_06", "Tests_KunavinAV_01_06\Tests_KunavinAV_01_06.csproj", "{F4DEEBF4-4BC6-493F-928F-209667CD20D3}"
EndProject
Global
	GlobalSection(SolutionConfigurationPlatforms) = preSolution
		Debug|Any CPU = Debug|Any CPU
		Release|Any CPU = Release|Any CPU
	EndGlobalSection
	GlobalSection(ProjectConfigurationPlatforms) = postSolution
		{1E9C310F-241A-4CD7-A76A-9681C43D7AAE}.Debug|Any CPU.ActiveCfg = Debug|Any CPU
		{1E9C310F-241A-4CD7-A76A-9681C43D7AAE}.Debug|Any CPU.Build.0 = Debug|Any CPU
		{1E9C310F-241A-4CD7-A76A-9681C43D7AAE}.Release|Any CPU.ActiveCfg = Release|Any CPU
		{1E9C310F-241A-4CD7-A76A-9681C43D7AAE}.Release|Any CPU.Build.0 = Release|Any CPU
		{F4DEEBF4-4BC6-493F-928F-209667CD20D3}.Debug|Any CPU.ActiveCfg = Debug|Any CPU
		{F4DEEBF4-4BC6-493F-928F-209667CD20D3}.Debug|Any CPU.Build.0 = Debug|Any CPU
		{F4DEEBF4-4BC6-493F-928F-209667CD20D3}.Release|Any CPU.ActiveCfg = Release|Any CPU
		{F4DEEBF4-4BC6-493F-928F-209667CD20D3}.Release|Any CPU.Build.0 = Release|Any CPU
	EndGlobalSection
	GlobalSection(SolutionProperties) = preSolution
		HideSolutionNode = FALSE
	EndGlobalSection
	GlobalSection(ExtensibilityGlobals) = postSolution
		SolutionGuid = {119C087A-3AAC-4055-A382-3CFA7485D5A4}
	EndGlobalSection
EndGlobal
